
Microsoft Visual Studio Solution File, Format Version 12.00
# Visual Studio 15
VisualStudioVersion = 15.0.28010.2003
MinimumVisualStudioVersion = 10.0.40219.1
Project("{FAE04EC0-301F-11D3-BF4B-00C04F79EFBC}") = "Presentation", "Presentation\Presentation.csproj", "{18EB42D0-B021-4BD5-9F55-C40B387F7149}"
	ProjectSection(ProjectDependencies) = postProject
		{7116128B-41F3-4A7E-BB78-C63FF9A50347} = {7116128B-41F3-4A7E-BB78-C63FF9A50347}
	EndProjectSection
EndProject
Project("{FAE04EC0-301F-11D3-BF4B-00C04F79EFBC}") = "Business", "Business\Business.csproj", "{7116128B-41F3-4A7E-BB78-C63FF9A50347}"
EndProject
Global
	GlobalSection(SolutionConfigurationPlatforms) = preSolution
		Debug|Any CPU = Debug|Any CPU
		Release|Any CPU = Release|Any CPU
	EndGlobalSection
	GlobalSection(ProjectConfigurationPlatforms) = postSolution
		{18EB42D0-B021-4BD5-9F55-C40B387F7149}.Debug|Any CPU.ActiveCfg = Debug|Any CPU
		{18EB42D0-B021-4BD5-9F55-C40B387F7149}.Debug|Any CPU.Build.0 = Debug|Any CPU
		{18EB42D0-B021-4BD5-9F55-C40B387F7149}.Release|Any CPU.ActiveCfg = Release|Any CPU
		{18EB42D0-B021-4BD5-9F55-C40B387F7149}.Release|Any CPU.Build.0 = Release|Any CPU
		{7116128B-41F3-4A7E-BB78-C63FF9A50347}.Debug|Any CPU.ActiveCfg = Debug|Any CPU
		{7116128B-41F3-4A7E-BB78-C63FF9A50347}.Debug|Any CPU.Build.0 = Debug|Any CPU
		{7116128B-41F3-4A7E-BB78-C63FF9A50347}.Release|Any CPU.ActiveCfg = Release|Any CPU
		{7116128B-41F3-4A7E-BB78-C63FF9A50347}.Release|Any CPU.Build.0 = Release|Any CPU
	EndGlobalSection
	GlobalSection(SolutionProperties) = preSolution
		HideSolutionNode = FALSE
	EndGlobalSection
	GlobalSection(ExtensibilityGlobals) = postSolution
		SolutionGuid = {7EAD675F-BC25-4647-BB76-E7F6A294174D}
	EndGlobalSection
EndGlobal
